
Microsoft Visual Studio Solution File, Format Version 12.00
# Visual Studio Version 17
VisualStudioVersion = 17.13.35806.99
MinimumVisualStudioVersion = 10.0.40219.1
Project("{FAE04EC0-301F-11D3-BF4B-00C04F79EFBC}") = "ProductCatalogue", "EShopService\ProductCatalogue.csproj", "{91F81F87-AF68-44A9-9614-295C7FC0515E}"
EndProject
Project("{FAE04EC0-301F-11D3-BF4B-00C04F79EFBC}") = "ProductCatalogue.Application", "EShop.Application\ProductCatalogue.Application.csproj", "{C5BCA0BF-8536-4CBE-B880-9DE95A5D7EE8}"
EndProject
Project("{FAE04EC0-301F-11D3-BF4B-00C04F79EFBC}") = "ProductCatalogue.Application.Tests", "EShop.Application.Tests\ProductCatalogue.Application.Tests.csproj", "{30CEA913-4BCF-41EA-919C-6B16A808131F}"
EndProject
Project("{FAE04EC0-301F-11D3-BF4B-00C04F79EFBC}") = "ProductCatalogue.Domain", "EShop.Domain\ProductCatalogue.Domain.csproj", "{DCDB77FE-78C9-4DBF-AD6E-313622053F6B}"
EndProject
Project("{FAE04EC0-301F-11D3-BF4B-00C04F79EFBC}") = "ProductCatalogue.Domain.Tests", "EShop.Domain.Tests\ProductCatalogue.Domain.Tests.csproj", "{EB09680A-239D-495C-88D2-65E356592578}"
EndProject
Project("{2150E333-8FDC-42A3-9474-1A3956D46DE8}") = "test", "test", "{02EA681E-C7D8-13C7-8484-4AC65E1B71E8}"
EndProject
Project("{FAE04EC0-301F-11D3-BF4B-00C04F79EFBC}") = "ProductCatalogueService.Tests", "EShopService.Tests\ProductCatalogueService.Tests.csproj", "{810478AA-1AB7-409F-91CD-80F43685DF88}"
EndProject
Project("{E53339B2-1760-4266-BCC7-CA923CBCF16C}") = "docker-compose", "docker-compose.dcproj", "{81DDED9D-158B-E303-5F62-77A2896D2A5A}"
EndProject
Project("{2150E333-8FDC-42A3-9474-1A3956D46DE8}") = "ProductCatalogue", "ProductCatalogue", "{B9FFFED8-5ED3-489C-8A3F-B08EEAD3776D}"
EndProject
Project("{2150E333-8FDC-42A3-9474-1A3956D46DE8}") = "User", "User", "{2641E901-8C81-419E-BA64-EDCCA2193C44}"
EndProject
Project("{FAE04EC0-301F-11D3-BF4B-00C04F79EFBC}") = "UserService", "UserService\UserService.csproj", "{4B2BF863-4E9A-4F87-9FC9-AF37D3F34573}"
EndProject
Project("{FAE04EC0-301F-11D3-BF4B-00C04F79EFBC}") = "User.Domain", "User.Domain\User.Domain.csproj", "{88DBCC45-BC15-47C4-832A-1FC620103218}"
EndProject
Project("{FAE04EC0-301F-11D3-BF4B-00C04F79EFBC}") = "User.Application", "User.Application\User.Application.csproj", "{13D9F981-2150-4862-BEC1-F45E8E827228}"
EndProject
Project("{2150E333-8FDC-42A3-9474-1A3956D46DE8}") = "data", "data", "{87B6BD4C-BE93-47C7-921D-13A00C183DEE}"
	ProjectSection(SolutionItems) = preProject
		private.key = private.key
		public.key = public.key
	EndProjectSection
EndProject
Project("{2150E333-8FDC-42A3-9474-1A3956D46DE8}") = "Orders", "Orders", "{AB9EF474-159E-486F-A2EE-491643C49FF7}"
EndProject
Project("{FAE04EC0-301F-11D3-BF4B-00C04F79EFBC}") = "OrdersService", "OrdersService\OrdersService.csproj", "{8EB9C2C4-2C18-4C7B-AAFD-AE74D89A6E7F}"
EndProject
Project("{FAE04EC0-301F-11D3-BF4B-00C04F79EFBC}") = "Orders.Application", "Orders.Application\Orders.Application.csproj", "{9C858544-154E-496D-B10D-DA4656034C74}"
EndProject
Project("{FAE04EC0-301F-11D3-BF4B-00C04F79EFBC}") = "Orders.Domain", "Orders.Domain\Orders.Domain.csproj", "{8521A847-9EF6-4DF0-8080-1537A58C7510}"
EndProject
Project("{2150E333-8FDC-42A3-9474-1A3956D46DE8}") = "Notification", "Notification", "{0C035FDA-44E7-406C-80B3-00154ABF64E5}"
EndProject
Project("{FAE04EC0-301F-11D3-BF4B-00C04F79EFBC}") = "NotificationService", "AzureNotificationService\NotificationService\NotificationService.csproj", "{11FEC56E-5014-40AB-B12E-CE925427E5C4}"
EndProject
Project("{2150E333-8FDC-42A3-9474-1A3956D46DE8}") = "ShoppingCart", "ShoppingCart", "{A902F68C-BCCC-4B2E-A58D-FCC941B4F708}"
EndProject
Project("{FAE04EC0-301F-11D3-BF4B-00C04F79EFBC}") = "ShoppingCart", "ShoppingCart\ShoppingCart\ShoppingCart.csproj", "{E529CC18-A829-430E-8AFE-9AF890E35531}"
EndProject
Project("{FAE04EC0-301F-11D3-BF4B-00C04F79EFBC}") = "ShoppingCart.Domain", "ShoppingCart\ShoppingCart.Domain\ShoppingCart.Domain.csproj", "{E1BB4E56-6A07-4E00-9792-54E6542BE1B3}"
EndProject
Project("{FAE04EC0-301F-11D3-BF4B-00C04F79EFBC}") = "ShoppingCart.Infrastructure", "ShoppingCart\ShoppingCart.Infrastructure\ShoppingCart.Infrastructure.csproj", "{D772609F-A919-4655-9E9F-5410BE8338A2}"
EndProject
Project("{FAE04EC0-301F-11D3-BF4B-00C04F79EFBC}") = "ShoppingCart.Application", "ShoppingCart\ShoppingCart.Application\ShoppingCart.Application.csproj", "{2AF14A86-FAB0-4051-AB28-35EF14AE6E38}"
EndProject
Project("{2150E333-8FDC-42A3-9474-1A3956D46DE8}") = "Tests", "Tests", "{20C211F9-62AB-47D7-A63E-369822406D00}"
EndProject
Project("{FAE04EC0-301F-11D3-BF4B-00C04F79EFBC}") = "User.Application.Tests", "UserTests\UserServiceTests\User.Application.Tests.csproj", "{2D84335C-CBF8-484E-800E-E147FDC41B0A}"
EndProject
Project("{FAE04EC0-301F-11D3-BF4B-00C04F79EFBC}") = "User.Controllers.Tests", "UserTests\User.Controllers.Tests\User.Controllers.Tests.csproj", "{9EAD39CC-409A-4385-B973-1F946C117AC1}"
EndProject
Project("{FAE04EC0-301F-11D3-BF4B-00C04F79EFBC}") = "User.Controllers.IntegrationTests", "UserTests\User.Controllers.IntegrationTests\User.Controllers.IntegrationTests.csproj", "{143F7434-F2D5-444D-8D10-DA1561A21A0F}"
EndProject
Project("{2150E333-8FDC-42A3-9474-1A3956D46DE8}") = "ProcessedOrders", "ProcessedOrders", "{281BF77B-1964-4E77-9771-704F16C42952}"
EndProject
Global
	GlobalSection(SolutionConfigurationPlatforms) = preSolution
		Debug|Any CPU = Debug|Any CPU
		Release|Any CPU = Release|Any CPU
	EndGlobalSection
	GlobalSection(ProjectConfigurationPlatforms) = postSolution
		{91F81F87-AF68-44A9-9614-295C7FC0515E}.Debug|Any CPU.ActiveCfg = Debug|Any CPU
		{91F81F87-AF68-44A9-9614-295C7FC0515E}.Debug|Any CPU.Build.0 = Debug|Any CPU
		{91F81F87-AF68-44A9-9614-295C7FC0515E}.Release|Any CPU.ActiveCfg = Release|Any CPU
		{91F81F87-AF68-44A9-9614-295C7FC0515E}.Release|Any CPU.Build.0 = Release|Any CPU
		{C5BCA0BF-8536-4CBE-B880-9DE95A5D7EE8}.Debug|Any CPU.ActiveCfg = Debug|Any CPU
		{C5BCA0BF-8536-4CBE-B880-9DE95A5D7EE8}.Debug|Any CPU.Build.0 = Debug|Any CPU
		{C5BCA0BF-8536-4CBE-B880-9DE95A5D7EE8}.Release|Any CPU.ActiveCfg = Release|Any CPU
		{C5BCA0BF-8536-4CBE-B880-9DE95A5D7EE8}.Release|Any CPU.Build.0 = Release|Any CPU
		{30CEA913-4BCF-41EA-919C-6B16A808131F}.Debug|Any CPU.ActiveCfg = Debug|Any CPU
		{30CEA913-4BCF-41EA-919C-6B16A808131F}.Debug|Any CPU.Build.0 = Debug|Any CPU
		{30CEA913-4BCF-41EA-919C-6B16A808131F}.Release|Any CPU.ActiveCfg = Release|Any CPU
		{30CEA913-4BCF-41EA-919C-6B16A808131F}.Release|Any CPU.Build.0 = Release|Any CPU
		{DCDB77FE-78C9-4DBF-AD6E-313622053F6B}.Debug|Any CPU.ActiveCfg = Debug|Any CPU
		{DCDB77FE-78C9-4DBF-AD6E-313622053F6B}.Debug|Any CPU.Build.0 = Debug|Any CPU
		{DCDB77FE-78C9-4DBF-AD6E-313622053F6B}.Release|Any CPU.ActiveCfg = Release|Any CPU
		{DCDB77FE-78C9-4DBF-AD6E-313622053F6B}.Release|Any CPU.Build.0 = Release|Any CPU
		{EB09680A-239D-495C-88D2-65E356592578}.Debug|Any CPU.ActiveCfg = Debug|Any CPU
		{EB09680A-239D-495C-88D2-65E356592578}.Debug|Any CPU.Build.0 = Debug|Any CPU
		{EB09680A-239D-495C-88D2-65E356592578}.Release|Any CPU.ActiveCfg = Release|Any CPU
		{EB09680A-239D-495C-88D2-65E356592578}.Release|Any CPU.Build.0 = Release|Any CPU
		{810478AA-1AB7-409F-91CD-80F43685DF88}.Debug|Any CPU.ActiveCfg = Debug|Any CPU
		{810478AA-1AB7-409F-91CD-80F43685DF88}.Debug|Any CPU.Build.0 = Debug|Any CPU
		{810478AA-1AB7-409F-91CD-80F43685DF88}.Release|Any CPU.ActiveCfg = Release|Any CPU
		{810478AA-1AB7-409F-91CD-80F43685DF88}.Release|Any CPU.Build.0 = Release|Any CPU
		{81DDED9D-158B-E303-5F62-77A2896D2A5A}.Debug|Any CPU.ActiveCfg = Debug|Any CPU
		{81DDED9D-158B-E303-5F62-77A2896D2A5A}.Debug|Any CPU.Build.0 = Debug|Any CPU
		{81DDED9D-158B-E303-5F62-77A2896D2A5A}.Release|Any CPU.ActiveCfg = Release|Any CPU
		{81DDED9D-158B-E303-5F62-77A2896D2A5A}.Release|Any CPU.Build.0 = Release|Any CPU
		{4B2BF863-4E9A-4F87-9FC9-AF37D3F34573}.Debug|Any CPU.ActiveCfg = Debug|Any CPU
		{4B2BF863-4E9A-4F87-9FC9-AF37D3F34573}.Debug|Any CPU.Build.0 = Debug|Any CPU
		{4B2BF863-4E9A-4F87-9FC9-AF37D3F34573}.Release|Any CPU.ActiveCfg = Release|Any CPU
		{4B2BF863-4E9A-4F87-9FC9-AF37D3F34573}.Release|Any CPU.Build.0 = Release|Any CPU
		{88DBCC45-BC15-47C4-832A-1FC620103218}.Debug|Any CPU.ActiveCfg = Debug|Any CPU
		{88DBCC45-BC15-47C4-832A-1FC620103218}.Debug|Any CPU.Build.0 = Debug|Any CPU
		{88DBCC45-BC15-47C4-832A-1FC620103218}.Release|Any CPU.ActiveCfg = Release|Any CPU
		{88DBCC45-BC15-47C4-832A-1FC620103218}.Release|Any CPU.Build.0 = Release|Any CPU
		{13D9F981-2150-4862-BEC1-F45E8E827228}.Debug|Any CPU.ActiveCfg = Debug|Any CPU
		{13D9F981-2150-4862-BEC1-F45E8E827228}.Debug|Any CPU.Build.0 = Debug|Any CPU
		{13D9F981-2150-4862-BEC1-F45E8E827228}.Release|Any CPU.ActiveCfg = Release|Any CPU
		{13D9F981-2150-4862-BEC1-F45E8E827228}.Release|Any CPU.Build.0 = Release|Any CPU
		{8EB9C2C4-2C18-4C7B-AAFD-AE74D89A6E7F}.Debug|Any CPU.ActiveCfg = Debug|Any CPU
		{8EB9C2C4-2C18-4C7B-AAFD-AE74D89A6E7F}.Debug|Any CPU.Build.0 = Debug|Any CPU
		{8EB9C2C4-2C18-4C7B-AAFD-AE74D89A6E7F}.Release|Any CPU.ActiveCfg = Release|Any CPU
		{8EB9C2C4-2C18-4C7B-AAFD-AE74D89A6E7F}.Release|Any CPU.Build.0 = Release|Any CPU
		{9C858544-154E-496D-B10D-DA4656034C74}.Debug|Any CPU.ActiveCfg = Debug|Any CPU
		{9C858544-154E-496D-B10D-DA4656034C74}.Debug|Any CPU.Build.0 = Debug|Any CPU
		{9C858544-154E-496D-B10D-DA4656034C74}.Release|Any CPU.ActiveCfg = Release|Any CPU
		{9C858544-154E-496D-B10D-DA4656034C74}.Release|Any CPU.Build.0 = Release|Any CPU
		{8521A847-9EF6-4DF0-8080-1537A58C7510}.Debug|Any CPU.ActiveCfg = Debug|Any CPU
		{8521A847-9EF6-4DF0-8080-1537A58C7510}.Debug|Any CPU.Build.0 = Debug|Any CPU
		{8521A847-9EF6-4DF0-8080-1537A58C7510}.Release|Any CPU.ActiveCfg = Release|Any CPU
		{8521A847-9EF6-4DF0-8080-1537A58C7510}.Release|Any CPU.Build.0 = Release|Any CPU
		{11FEC56E-5014-40AB-B12E-CE925427E5C4}.Debug|Any CPU.ActiveCfg = Debug|Any CPU
		{11FEC56E-5014-40AB-B12E-CE925427E5C4}.Debug|Any CPU.Build.0 = Debug|Any CPU
		{11FEC56E-5014-40AB-B12E-CE925427E5C4}.Release|Any CPU.ActiveCfg = Release|Any CPU
		{11FEC56E-5014-40AB-B12E-CE925427E5C4}.Release|Any CPU.Build.0 = Release|Any CPU
		{E529CC18-A829-430E-8AFE-9AF890E35531}.Debug|Any CPU.ActiveCfg = Debug|Any CPU
		{E529CC18-A829-430E-8AFE-9AF890E35531}.Debug|Any CPU.Build.0 = Debug|Any CPU
		{E529CC18-A829-430E-8AFE-9AF890E35531}.Release|Any CPU.ActiveCfg = Release|Any CPU
		{E529CC18-A829-430E-8AFE-9AF890E35531}.Release|Any CPU.Build.0 = Release|Any CPU
		{E1BB4E56-6A07-4E00-9792-54E6542BE1B3}.Debug|Any CPU.ActiveCfg = Debug|Any CPU
		{E1BB4E56-6A07-4E00-9792-54E6542BE1B3}.Debug|Any CPU.Build.0 = Debug|Any CPU
		{E1BB4E56-6A07-4E00-9792-54E6542BE1B3}.Release|Any CPU.ActiveCfg = Release|Any CPU
		{E1BB4E56-6A07-4E00-9792-54E6542BE1B3}.Release|Any CPU.Build.0 = Release|Any CPU
		{D772609F-A919-4655-9E9F-5410BE8338A2}.Debug|Any CPU.ActiveCfg = Debug|Any CPU
		{D772609F-A919-4655-9E9F-5410BE8338A2}.Debug|Any CPU.Build.0 = Debug|Any CPU
		{D772609F-A919-4655-9E9F-5410BE8338A2}.Release|Any CPU.ActiveCfg = Release|Any CPU
		{D772609F-A919-4655-9E9F-5410BE8338A2}.Release|Any CPU.Build.0 = Release|Any CPU
		{2AF14A86-FAB0-4051-AB28-35EF14AE6E38}.Debug|Any CPU.ActiveCfg = Debug|Any CPU
		{2AF14A86-FAB0-4051-AB28-35EF14AE6E38}.Debug|Any CPU.Build.0 = Debug|Any CPU
		{2AF14A86-FAB0-4051-AB28-35EF14AE6E38}.Release|Any CPU.ActiveCfg = Release|Any CPU
		{2AF14A86-FAB0-4051-AB28-35EF14AE6E38}.Release|Any CPU.Build.0 = Release|Any CPU
		{2D84335C-CBF8-484E-800E-E147FDC41B0A}.Debug|Any CPU.ActiveCfg = Debug|Any CPU
		{2D84335C-CBF8-484E-800E-E147FDC41B0A}.Debug|Any CPU.Build.0 = Debug|Any CPU
		{2D84335C-CBF8-484E-800E-E147FDC41B0A}.Release|Any CPU.ActiveCfg = Release|Any CPU
		{2D84335C-CBF8-484E-800E-E147FDC41B0A}.Release|Any CPU.Build.0 = Release|Any CPU
		{9EAD39CC-409A-4385-B973-1F946C117AC1}.Debug|Any CPU.ActiveCfg = Debug|Any CPU
		{9EAD39CC-409A-4385-B973-1F946C117AC1}.Debug|Any CPU.Build.0 = Debug|Any CPU
		{9EAD39CC-409A-4385-B973-1F946C117AC1}.Release|Any CPU.ActiveCfg = Release|Any CPU
		{9EAD39CC-409A-4385-B973-1F946C117AC1}.Release|Any CPU.Build.0 = Release|Any CPU
		{143F7434-F2D5-444D-8D10-DA1561A21A0F}.Debug|Any CPU.ActiveCfg = Debug|Any CPU
		{143F7434-F2D5-444D-8D10-DA1561A21A0F}.Debug|Any CPU.Build.0 = Debug|Any CPU
		{143F7434-F2D5-444D-8D10-DA1561A21A0F}.Release|Any CPU.ActiveCfg = Release|Any CPU
		{143F7434-F2D5-444D-8D10-DA1561A21A0F}.Release|Any CPU.Build.0 = Release|Any CPU
	EndGlobalSection
	GlobalSection(SolutionProperties) = preSolution
		HideSolutionNode = FALSE
	EndGlobalSection
	GlobalSection(NestedProjects) = preSolution
		{91F81F87-AF68-44A9-9614-295C7FC0515E} = {B9FFFED8-5ED3-489C-8A3F-B08EEAD3776D}
		{C5BCA0BF-8536-4CBE-B880-9DE95A5D7EE8} = {B9FFFED8-5ED3-489C-8A3F-B08EEAD3776D}
		{30CEA913-4BCF-41EA-919C-6B16A808131F} = {02EA681E-C7D8-13C7-8484-4AC65E1B71E8}
		{DCDB77FE-78C9-4DBF-AD6E-313622053F6B} = {B9FFFED8-5ED3-489C-8A3F-B08EEAD3776D}
		{EB09680A-239D-495C-88D2-65E356592578} = {02EA681E-C7D8-13C7-8484-4AC65E1B71E8}
		{02EA681E-C7D8-13C7-8484-4AC65E1B71E8} = {B9FFFED8-5ED3-489C-8A3F-B08EEAD3776D}
		{810478AA-1AB7-409F-91CD-80F43685DF88} = {02EA681E-C7D8-13C7-8484-4AC65E1B71E8}
		{4B2BF863-4E9A-4F87-9FC9-AF37D3F34573} = {2641E901-8C81-419E-BA64-EDCCA2193C44}
		{88DBCC45-BC15-47C4-832A-1FC620103218} = {2641E901-8C81-419E-BA64-EDCCA2193C44}
		{13D9F981-2150-4862-BEC1-F45E8E827228} = {2641E901-8C81-419E-BA64-EDCCA2193C44}
		{8EB9C2C4-2C18-4C7B-AAFD-AE74D89A6E7F} = {AB9EF474-159E-486F-A2EE-491643C49FF7}
		{9C858544-154E-496D-B10D-DA4656034C74} = {AB9EF474-159E-486F-A2EE-491643C49FF7}
		{8521A847-9EF6-4DF0-8080-1537A58C7510} = {AB9EF474-159E-486F-A2EE-491643C49FF7}
		{11FEC56E-5014-40AB-B12E-CE925427E5C4} = {0C035FDA-44E7-406C-80B3-00154ABF64E5}
		{E529CC18-A829-430E-8AFE-9AF890E35531} = {A902F68C-BCCC-4B2E-A58D-FCC941B4F708}
		{E1BB4E56-6A07-4E00-9792-54E6542BE1B3} = {A902F68C-BCCC-4B2E-A58D-FCC941B4F708}
		{D772609F-A919-4655-9E9F-5410BE8338A2} = {A902F68C-BCCC-4B2E-A58D-FCC941B4F708}
		{2AF14A86-FAB0-4051-AB28-35EF14AE6E38} = {A902F68C-BCCC-4B2E-A58D-FCC941B4F708}
		{20C211F9-62AB-47D7-A63E-369822406D00} = {2641E901-8C81-419E-BA64-EDCCA2193C44}
		{2D84335C-CBF8-484E-800E-E147FDC41B0A} = {20C211F9-62AB-47D7-A63E-369822406D00}
		{9EAD39CC-409A-4385-B973-1F946C117AC1} = {20C211F9-62AB-47D7-A63E-369822406D00}
		{143F7434-F2D5-444D-8D10-DA1561A21A0F} = {20C211F9-62AB-47D7-A63E-369822406D00}
		{281BF77B-1964-4E77-9771-704F16C42952} = {A902F68C-BCCC-4B2E-A58D-FCC941B4F708}
	EndGlobalSection
	GlobalSection(ExtensibilityGlobals) = postSolution
		SolutionGuid = {233E5992-9E95-4D32-9DB9-747ADC5A4A0B}
	EndGlobalSection
EndGlobal
